
Microsoft Visual Studio Solution File, Format Version 12.00
# Visual Studio Version 17
VisualStudioVersion = 17.3.32825.248
MinimumVisualStudioVersion = 10.0.40219.1
Project("{FAE04EC0-301F-11D3-BF4B-00C04F79EFBC}") = "Labs", "Labs\Labs.csproj", "{755E832F-0A9A-44B2-B084-7F521E859C5F}"
EndProject
Global
	GlobalSection(SolutionConfigurationPlatforms) = preSolution
		Debug|Any CPU = Debug|Any CPU
		Release|Any CPU = Release|Any CPU
	EndGlobalSection
	GlobalSection(ProjectConfigurationPlatforms) = postSolution
		{755E832F-0A9A-44B2-B084-7F521E859C5F}.Debug|Any CPU.ActiveCfg = Debug|Any CPU
		{755E832F-0A9A-44B2-B084-7F521E859C5F}.Debug|Any CPU.Build.0 = Debug|Any CPU
		{755E832F-0A9A-44B2-B084-7F521E859C5F}.Release|Any CPU.ActiveCfg = Release|Any CPU
		{755E832F-0A9A-44B2-B084-7F521E859C5F}.Release|Any CPU.Build.0 = Release|Any CPU
	EndGlobalSection
	GlobalSection(SolutionProperties) = preSolution
		HideSolutionNode = FALSE
	EndGlobalSection
	GlobalSection(ExtensibilityGlobals) = postSolution
		SolutionGuid = {5782D3A5-5C0F-46C9-BFE0-B0118C32774C}
	EndGlobalSection
EndGlobal
